
Microsoft Visual Studio Solution File, Format Version 12.00
# Visual Studio Version 17
VisualStudioVersion = 17.1.32421.90
MinimumVisualStudioVersion = 10.0.40219.1
Project("{FAE04EC0-301F-11D3-BF4B-00C04F79EFBC}") = "BulkyBookWeb", "BulkyBookWeb\BulkyBookWeb.csproj", "{1F6F3800-2FF1-4B3A-AE9D-BEFD5BB87E8D}"
EndProject
Global
	GlobalSection(SolutionConfigurationPlatforms) = preSolution
		Debug|Any CPU = Debug|Any CPU
		Release|Any CPU = Release|Any CPU
	EndGlobalSection
	GlobalSection(ProjectConfigurationPlatforms) = postSolution
		{1F6F3800-2FF1-4B3A-AE9D-BEFD5BB87E8D}.Debug|Any CPU.ActiveCfg = Debug|Any CPU
		{1F6F3800-2FF1-4B3A-AE9D-BEFD5BB87E8D}.Debug|Any CPU.Build.0 = Debug|Any CPU
		{1F6F3800-2FF1-4B3A-AE9D-BEFD5BB87E8D}.Release|Any CPU.ActiveCfg = Release|Any CPU
		{1F6F3800-2FF1-4B3A-AE9D-BEFD5BB87E8D}.Release|Any CPU.Build.0 = Release|Any CPU
	EndGlobalSection
	GlobalSection(SolutionProperties) = preSolution
		HideSolutionNode = FALSE
	EndGlobalSection
	GlobalSection(ExtensibilityGlobals) = postSolution
		SolutionGuid = {0A7537CD-ADA0-469D-ADA4-D2F97762F188}
	EndGlobalSection
EndGlobal
